<?xml version="1.0" encoding="utf-8"?>
<Project ToolsVersion="4.0" xmlns="http://schemas.microsoft.com/developer/msbuild/2003">
  <ItemGroup>
    <Filter Include="Source Files">
      <UniqueIdentifier>{4FC737F1-C7A5-4376-A066-2A32D752A2FF}</UniqueIdentifier>
      <Extensions>cpp;c;cc;cxx;def;odl;idl;hpj;bat;asm;asmx</Extensions>
    </Filter>
    <Filter Include="Source Files\1_how_to_init_auth_sdk">
      <UniqueIdentifier>{a13f1f4c-fdee-4acf-9343-573a79c3450c}</UniqueIdentifier>
    </Filter>
    <Filter Include="Source Files\1_how_to_init_auth_sdk\1_how_to_init_sdk">
      <UniqueIdentifier>{ab54548c-88b6-48ba-b467-73ccb2077ecf}</UniqueIdentifier>
    </Filter>
    <Filter Include="Source Files\1_how_to_init_auth_sdk\2_how_to_auth_sdk">
      <UniqueIdentifier>{f81b1225-c5d6-43a5-a1c7-0fcd5b4ffbf8}</UniqueIdentifier>
    </Filter>
    <Filter Include="Source Files\2_how_to_login">
      <UniqueIdentifier>{0fc6cc06-c826-4d14-a1b6-ff7a856d14eb}</UniqueIdentifier>
    </Filter>
    <Filter Include="Source Files\2_how_to_login\1_email_login_user">
      <UniqueIdentifier>{f0cc1e30-6bc5-4793-8012-90e94aa663fe}</UniqueIdentifier>
    </Filter>
    <Filter Include="Source Files\2_how_to_login\2_sso_login_user">
      <UniqueIdentifier>{94f8e2a1-d896-4449-aa9f-5076124c713a}</UniqueIdentifier>
    </Filter>
    <Filter Include="Source Files\4_other_features">
      <UniqueIdentifier>{550c83cc-1be4-4913-a662-e4e5249978ee}</UniqueIdentifier>
    </Filter>
    <Filter Include="Source Files\4_other_features\1_settings">
      <UniqueIdentifier>{8ba326b4-37cd-43ea-9f4e-ae84ede47e53}</UniqueIdentifier>
    </Filter>
    <Filter Include="Source Files\4_other_features\1_settings\1_settings_general">
      <UniqueIdentifier>{722b91a3-c052-47ee-bb74-2e950838848a}</UniqueIdentifier>
    </Filter>
    <Filter Include="Source Files\4_other_features\1_settings\2_settings_audio">
      <UniqueIdentifier>{cf2d0d4d-38e8-46e6-975e-0baff4483fb0}</UniqueIdentifier>
    </Filter>
    <Filter Include="Source Files\4_other_features\1_settings\3_settings_video">
      <UniqueIdentifier>{679018fe-2725-4161-84f2-5e2fa33d593e}</UniqueIdentifier>
    </Filter>
    <Filter Include="Source Files\4_other_features\1_settings\4_settings_recording">
      <UniqueIdentifier>{0934f127-1508-40b1-8235-abc645e9c141}</UniqueIdentifier>
    </Filter>
    <Filter Include="Source Files\4_other_features\1_settings\5_settings_ui_custom">
      <UniqueIdentifier>{64c0e2dc-5eef-4b7d-bd08-c427524a99d6}</UniqueIdentifier>
    </Filter>
    <Filter Include="Source Files\4_other_features\1_settings\6_settings_feature_custom">
      <UniqueIdentifier>{08a0d0e6-d96f-4fbb-a7f1-9c6f56f293e5}</UniqueIdentifier>
    </Filter>
    <Filter Include="Source Files\4_other_features\1_settings\7_settings_virtual_background">
      <UniqueIdentifier>{497af889-6daf-4421-91c1-227e393df242}</UniqueIdentifier>
    </Filter>
    <Filter Include="Source Files\4_other_features\2_schedule_meeting_for_login_user">
      <UniqueIdentifier>{de564ff5-5b73-43f2-a645-e1c704af5014}</UniqueIdentifier>
    </Filter>
    <Filter Include="Source Files\4_other_features\3_direct_share_for_login_user">
      <UniqueIdentifier>{437854ca-8ff4-4759-b079-aa236884951f}</UniqueIdentifier>
    </Filter>
    <Filter Include="Source Files\4_other_features\4_mess_info">
      <UniqueIdentifier>{c801bd04-9614-4395-b0e7-f3ef0e18dc69}</UniqueIdentifier>
    </Filter>
    <Filter Include="Source Files\5_utility">
      <UniqueIdentifier>{39a11752-704f-43c3-b9d1-1bc268968fdf}</UniqueIdentifier>
    </Filter>
    <Filter Include="Source Files\3_how_to_start_join_meeting">
      <UniqueIdentifier>{8ab56cc4-d7c8-4f99-9aeb-9c0942554837}</UniqueIdentifier>
    </Filter>
    <Filter Include="Source Files\3_how_to_start_join_meeting\1_login_user_start_join_meeting">
      <UniqueIdentifier>{fd76362b-d57c-4ea3-be10-8daefa19ca7d}</UniqueIdentifier>
    </Filter>
    <Filter Include="Source Files\3_how_to_start_join_meeting\2_without_login_user_start_join_meeting">
      <UniqueIdentifier>{82e72da2-e97f-426a-8e97-a7a75aaf3bde}</UniqueIdentifier>
    </Filter>
    <Filter Include="Source Files\3_how_to_start_join_meeting\2_without_login_user_start_join_meeting\1_join_meeting_only">
      <UniqueIdentifier>{ce6213f2-0436-4230-a1ef-f89b2016c5ce}</UniqueIdentifier>
    </Filter>
    <Filter Include="Source Files\3_how_to_start_join_meeting\2_without_login_user_start_join_meeting\2_Rest_API_to_start_join_meeting">
      <UniqueIdentifier>{b47102b8-cad5-46a2-aba5-e4fc3fc3ed21}</UniqueIdentifier>
    </Filter>
    <Filter Include="Source Files\3_how_to_start_join_meeting\0_in_meeting_logic">
      <UniqueIdentifier>{323b769b-a324-47e6-b89a-dfda6c13b207}</UniqueIdentifier>
    </Filter>
    <Filter Include="Source Files\3_how_to_start_join_meeting\0_in_meeting_logic\1_chat_mgr">
      <UniqueIdentifier>{6950f071-1eb3-422d-92bd-f96ab132629b}</UniqueIdentifier>
    </Filter>
    <Filter Include="Source Files\3_how_to_start_join_meeting\0_in_meeting_logic\2_toobar">
      <UniqueIdentifier>{d3d8989e-2831-49e8-a8f4-5f605b581a03}</UniqueIdentifier>
    </Filter>
    <Filter Include="Source Files\3_how_to_start_join_meeting\0_in_meeting_logic\3_participant_list">
      <UniqueIdentifier>{35e2358f-4651-437b-a3ee-b8214103fcab}</UniqueIdentifier>
    </Filter>
    <Filter Include="Source Files\3_how_to_start_join_meeting\0_in_meeting_logic\0_common_classes">
      <UniqueIdentifier>{c24387f2-f4d6-4853-af86-473636615acc}</UniqueIdentifier>
    </Filter>
    <Filter Include="Source Files\3_how_to_start_join_meeting\0_in_meeting_logic\4_more_menu">
      <UniqueIdentifier>{98cbf74e-25fe-4413-953f-8decb415453f}</UniqueIdentifier>
    </Filter>
    <Filter Include="Source Files\3_how_to_start_join_meeting\0_in_meeting_logic\4_more_menu\0_invite_others">
      <UniqueIdentifier>{556c3d94-1aef-457c-ac25-394959bce8fa}</UniqueIdentifier>
    </Filter>
    <Filter Include="Source Files\3_how_to_start_join_meeting\0_in_meeting_logic\4_more_menu\1_closed_caption">
      <UniqueIdentifier>{76b2f747-4931-410e-bc9f-d749266e6d41}</UniqueIdentifier>
    </Filter>
    <Filter Include="Source Files\3_how_to_start_join_meeting\0_in_meeting_logic\4_more_menu\2_more_features">
      <UniqueIdentifier>{45710857-43c1-42e2-817b-cabd34ca6dbc}</UniqueIdentifier>
    </Filter>
    <Filter Include="Source Files\3_how_to_start_join_meeting\0_in_meeting_logic\5_camera_control">
      <UniqueIdentifier>{ed5748b6-4948-4909-a0c2-a1a4c70fd48a}</UniqueIdentifier>
    </Filter>
    <Filter Include="Source Files\3_how_to_start_join_meeting\0_in_meeting_logic\6_share_bar">
      <UniqueIdentifier>{b7cf8e3d-7e19-47ca-b88d-7bbd6b2c6318}</UniqueIdentifier>
    </Filter>
    <Filter Include="Source Files\3_how_to_start_join_meeting\3_how_to_use_customized_ui">
      <UniqueIdentifier>{359877e5-32ed-44db-acb3-34655c414832}</UniqueIdentifier>
    </Filter>
    <Filter Include="Source Files\3_how_to_start_join_meeting\3_how_to_use_customized_ui\0_public_logic">
      <UniqueIdentifier>{48a7d615-d0a7-436a-8ffb-98034d4b38f4}</UniqueIdentifier>
    </Filter>
    <Filter Include="Source Files\3_how_to_start_join_meeting\3_how_to_use_customized_ui\1_customize_meeting">
      <UniqueIdentifier>{c05e2123-ba79-4f80-9af1-f48fee3ea8e8}</UniqueIdentifier>
    </Filter>
    <Filter Include="Source Files\3_how_to_start_join_meeting\3_how_to_use_customized_ui\1_customize_meeting\0_handle_custom_ui_video">
      <UniqueIdentifier>{bc4f0a2d-da39-44f0-88ff-7abc837320c2}</UniqueIdentifier>
    </Filter>
    <Filter Include="Source Files\3_how_to_start_join_meeting\3_how_to_use_customized_ui\1_customize_meeting\1_handle_custom_ui_share">
      <UniqueIdentifier>{890a0cb5-af75-44e3-b8f9-557d163eca7a}</UniqueIdentifier>
    </Filter>
    <Filter Include="Source Files\3_how_to_start_join_meeting\3_how_to_use_customized_ui\1_customize_meeting\2_handle_custom_ui_record">
      <UniqueIdentifier>{bbb32efa-8420-4dd5-a388-2102d36ff665}</UniqueIdentifier>
    </Filter>
    <Filter Include="Header Files">
      <UniqueIdentifier>{93995380-89BD-4b04-88EB-625FBE52EBFB}</UniqueIdentifier>
      <Extensions>h;hpp;hxx;hm;inl;inc;xsd</Extensions>
    </Filter>
    <Filter Include="Resource Files">
      <UniqueIdentifier>{67DA6AB6-F800-4c08-8B7A-83BB121AAD01}</UniqueIdentifier>
      <Extensions>rc;ico;cur;bmp;dlg;rc2;rct;bin;rgs;gif;jpg;jpeg;jpe;resx;tiff;tif;png;wav</Extensions>
    </Filter>
  </ItemGroup>
  <ItemGroup>
    <ClCompile Include="sdk_demo_app.cpp">
      <Filter>Source Files</Filter>
    </ClCompile>
    <ClCompile Include="sdk_demo_v2.cpp">
      <Filter>Source Files</Filter>
    </ClCompile>
    <ClCompile Include="sdk_util.cpp">
      <Filter>Source Files</Filter>
    </ClCompile>
    <ClCompile Include="stdafx.cpp">
      <Filter>Source Files</Filter>
    </ClCompile>
    <ClCompile Include="init_auth_sdk_workflow.cpp">
      <Filter>Source Files\1_how_to_init_auth_sdk\1_how_to_init_sdk</Filter>
    </ClCompile>
    <ClCompile Include="sdk_init_auth_ui.cpp">
      <Filter>Source Files\1_how_to_init_auth_sdk\2_how_to_auth_sdk</Filter>
    </ClCompile>
    <ClCompile Include="LOGIN_sdk_login_UI.cpp">
      <Filter>Source Files\2_how_to_login</Filter>
    </ClCompile>
    <ClCompile Include="LOGIN_login_with_email_workflow.cpp">
      <Filter>Source Files\2_how_to_login\1_email_login_user</Filter>
    </ClCompile>
    <ClCompile Include="LOGIN_login_with_sso_workflow.cpp">
      <Filter>Source Files\2_how_to_login\2_sso_login_user</Filter>
    </ClCompile>
    <ClCompile Include="settings_ui.cpp">
      <Filter>Source Files\4_other_features\1_settings</Filter>
    </ClCompile>
    <ClCompile Include="SETTINGS_general_workflow.cpp">
      <Filter>Source Files\4_other_features\1_settings\1_settings_general</Filter>
    </ClCompile>
    <ClCompile Include="SETTINGS_audio_workflow.cpp">
      <Filter>Source Files\4_other_features\1_settings\2_settings_audio</Filter>
    </ClCompile>
    <ClCompile Include="SETTINGS_video_workflow.cpp">
      <Filter>Source Files\4_other_features\1_settings\3_settings_video</Filter>
    </ClCompile>
    <ClCompile Include="SETTINGS_recording_workflow.cpp">
      <Filter>Source Files\4_other_features\1_settings\4_settings_recording</Filter>
    </ClCompile>
    <ClCompile Include="SETTINGS_ui_custom_workflow.cpp">
      <Filter>Source Files\4_other_features\1_settings\5_settings_ui_custom</Filter>
    </ClCompile>
    <ClCompile Include="SETTINGS_feature_custom_workflow.cpp">
      <Filter>Source Files\4_other_features\1_settings\6_settings_feature_custom</Filter>
    </ClCompile>
    <ClCompile Include="SETTINGS_virtualBG_workflow.cpp">
      <Filter>Source Files\4_other_features\1_settings\7_settings_virtual_background</Filter>
    </ClCompile>
    <ClCompile Include="dial_in_country_ui.cpp">
      <Filter>Source Files\4_other_features\2_schedule_meeting_for_login_user</Filter>
    </ClCompile>
    <ClCompile Include="schedule_meeting_ui.cpp">
      <Filter>Source Files\4_other_features\2_schedule_meeting_for_login_user</Filter>
    </ClCompile>
    <ClCompile Include="schedule_meeting_workflow.cpp">
      <Filter>Source Files\4_other_features\2_schedule_meeting_for_login_user</Filter>
    </ClCompile>
    <ClCompile Include="mess_info.cpp">
      <Filter>Source Files\4_other_features\4_mess_info</Filter>
    </ClCompile>
    <ClCompile Include="Join_meeting_for_login_user_ui.cpp">
      <Filter>Source Files\3_how_to_start_join_meeting\1_login_user_start_join_meeting</Filter>
    </ClCompile>
    <ClCompile Include="Join_meeting_for_login_user_workflow.cpp">
      <Filter>Source Files\3_how_to_start_join_meeting\1_login_user_start_join_meeting</Filter>
    </ClCompile>
    <ClCompile Include="LoggedIn_sdk_controller_ui.cpp">
      <Filter>Source Files\3_how_to_start_join_meeting\1_login_user_start_join_meeting</Filter>
    </ClCompile>
    <ClCompile Include="LoggedIn_sdk_controller_workflow.cpp">
      <Filter>Source Files\3_how_to_start_join_meeting\1_login_user_start_join_meeting</Filter>
    </ClCompile>
    <ClCompile Include="LOGIN_join_meeting_only_workflow.cpp">
      <Filter>Source Files\3_how_to_start_join_meeting\2_without_login_user_start_join_meeting\1_join_meeting_only</Filter>
    </ClCompile>
    <ClCompile Include="LOGIN_restapi_without_login_workflow.cpp">
      <Filter>Source Files\3_how_to_start_join_meeting\2_without_login_user_start_join_meeting\2_Rest_API_to_start_join_meeting</Filter>
    </ClCompile>
    <ClCompile Include="chat_controller_ui.cpp">
      <Filter>Source Files\3_how_to_start_join_meeting\0_in_meeting_logic\1_chat_mgr</Filter>
    </ClCompile>
    <ClCompile Include="chat_controller_workflow.cpp">
      <Filter>Source Files\3_how_to_start_join_meeting\0_in_meeting_logic\1_chat_mgr</Filter>
    </ClCompile>
    <ClCompile Include="arrow_window.cpp">
      <Filter>Source Files\3_how_to_start_join_meeting\0_in_meeting_logic\2_toobar</Filter>
    </ClCompile>
    <ClCompile Include="toolbar_bottom_ui.cpp">
      <Filter>Source Files\3_how_to_start_join_meeting\0_in_meeting_logic\2_toobar</Filter>
    </ClCompile>
    <ClCompile Include="toolbar_bottom_workflow.cpp">
      <Filter>Source Files\3_how_to_start_join_meeting\0_in_meeting_logic\2_toobar</Filter>
    </ClCompile>
    <ClCompile Include="toolbar_manager.cpp">
      <Filter>Source Files\3_how_to_start_join_meeting\0_in_meeting_logic\2_toobar</Filter>
    </ClCompile>
    <ClCompile Include="participant_ui.cpp">
      <Filter>Source Files\3_how_to_start_join_meeting\0_in_meeting_logic\3_participant_list</Filter>
    </ClCompile>
    <ClCompile Include="ParticipantPopMenu.cpp">
      <Filter>Source Files\3_how_to_start_join_meeting\0_in_meeting_logic\3_participant_list</Filter>
    </ClCompile>
    <ClCompile Include="user_manager.cpp">
      <Filter>Source Files\3_how_to_start_join_meeting\0_in_meeting_logic\0_common_classes</Filter>
    </ClCompile>
    <ClCompile Include="more_menu_ui.cpp">
      <Filter>Source Files\3_how_to_start_join_meeting\0_in_meeting_logic\4_more_menu</Filter>
    </ClCompile>
    <ClCompile Include="invitation_ui.cpp">
      <Filter>Source Files\3_how_to_start_join_meeting\0_in_meeting_logic\4_more_menu\0_invite_others</Filter>
    </ClCompile>
    <ClCompile Include="invitation_workflow.cpp">
      <Filter>Source Files\3_how_to_start_join_meeting\0_in_meeting_logic\4_more_menu\0_invite_others</Filter>
    </ClCompile>
    <ClCompile Include="close_caption_ui.cpp">
      <Filter>Source Files\3_how_to_start_join_meeting\0_in_meeting_logic\4_more_menu\1_closed_caption</Filter>
    </ClCompile>
    <ClCompile Include="close_caption_workflow.cpp">
      <Filter>Source Files\3_how_to_start_join_meeting\0_in_meeting_logic\4_more_menu\1_closed_caption</Filter>
    </ClCompile>
    <ClCompile Include="display_cc_ui.cpp">
      <Filter>Source Files\3_how_to_start_join_meeting\0_in_meeting_logic\4_more_menu\1_closed_caption</Filter>
    </ClCompile>
    <ClCompile Include="more_features_ui.cpp">
      <Filter>Source Files\3_how_to_start_join_meeting\0_in_meeting_logic\4_more_menu\2_more_features</Filter>
    </ClCompile>
    <ClCompile Include="more_features_workflow.cpp">
      <Filter>Source Files\3_how_to_start_join_meeting\0_in_meeting_logic\4_more_menu\2_more_features</Filter>
    </ClCompile>
    <ClCompile Include="util_window.cpp">
      <Filter>Source Files\3_how_to_start_join_meeting\0_in_meeting_logic\4_more_menu\2_more_features</Filter>
    </ClCompile>
    <ClCompile Include="CameraControlWindow.cpp">
      <Filter>Source Files\3_how_to_start_join_meeting\0_in_meeting_logic\5_camera_control</Filter>
    </ClCompile>
    <ClCompile Include="AnnotateBarWindow.cpp">
      <Filter>Source Files\3_how_to_start_join_meeting\0_in_meeting_logic\6_share_bar</Filter>
    </ClCompile>
    <ClCompile Include="AnnotateClearWindow.cpp">
      <Filter>Source Files\3_how_to_start_join_meeting\0_in_meeting_logic\6_share_bar</Filter>
    </ClCompile>
    <ClCompile Include="AnnotateDrawWindow.cpp">
      <Filter>Source Files\3_how_to_start_join_meeting\0_in_meeting_logic\6_share_bar</Filter>
    </ClCompile>
    <ClCompile Include="AnnotateFormatWindow.cpp">
      <Filter>Source Files\3_how_to_start_join_meeting\0_in_meeting_logic\6_share_bar</Filter>
    </ClCompile>
    <ClCompile Include="AnnotateSpolightWindow.cpp">
      <Filter>Source Files\3_how_to_start_join_meeting\0_in_meeting_logic\6_share_bar</Filter>
    </ClCompile>
    <ClCompile Include="AnnotateStampWindow.cpp">
      <Filter>Source Files\3_how_to_start_join_meeting\0_in_meeting_logic\6_share_bar</Filter>
    </ClCompile>
    <ClCompile Include="ShareToolbarWindow.cpp">
      <Filter>Source Files\3_how_to_start_join_meeting\0_in_meeting_logic\6_share_bar</Filter>
    </ClCompile>
    <ClCompile Include="ViewOptionsWindow.cpp">
      <Filter>Source Files\3_how_to_start_join_meeting\0_in_meeting_logic\6_share_bar</Filter>
    </ClCompile>
    <ClCompile Include="custom_ui_mgr.cpp">
      <Filter>Source Files\3_how_to_start_join_meeting\3_how_to_use_customized_ui\1_customize_meeting</Filter>
    </ClCompile>
    <ClCompile Include="custom_ui_mgr_flow.cpp">
      <Filter>Source Files\3_how_to_start_join_meeting\3_how_to_use_customized_ui\1_customize_meeting</Filter>
    </ClCompile>
    <ClCompile Include="custom_ui_video_flow.cpp">
      <Filter>Source Files\3_how_to_start_join_meeting\3_how_to_use_customized_ui\1_customize_meeting\0_handle_custom_ui_video</Filter>
    </ClCompile>
    <ClCompile Include="custom_ui_video_mgr.cpp">
      <Filter>Source Files\3_how_to_start_join_meeting\3_how_to_use_customized_ui\1_customize_meeting\0_handle_custom_ui_video</Filter>
    </ClCompile>
    <ClCompile Include="custom_ui_share_flow.cpp">
      <Filter>Source Files\3_how_to_start_join_meeting\3_how_to_use_customized_ui\1_customize_meeting\1_handle_custom_ui_share</Filter>
    </ClCompile>
    <ClCompile Include="custom_ui_share_mgr.cpp">
      <Filter>Source Files\3_how_to_start_join_meeting\3_how_to_use_customized_ui\1_customize_meeting\1_handle_custom_ui_share</Filter>
    </ClCompile>
    <ClCompile Include="CustomizedUIRecordMgr.cpp">
      <Filter>Source Files\3_how_to_start_join_meeting\3_how_to_use_customized_ui\1_customize_meeting\2_handle_custom_ui_record</Filter>
    </ClCompile>
  </ItemGroup>
  <ItemGroup>
    <ClInclude Include="sdk_demo_app.h">
      <Filter>Source Files</Filter>
    </ClInclude>
    <ClInclude Include="sdk_demo_app_common.h">
      <Filter>Source Files</Filter>
    </ClInclude>
    <ClInclude Include="sdk_util.h">
      <Filter>Source Files</Filter>
    </ClInclude>
    <ClInclude Include="init_auth_sdk_workflow.h">
      <Filter>Source Files\1_how_to_init_auth_sdk\1_how_to_init_sdk</Filter>
    </ClInclude>
    <ClInclude Include="sdk_init_auth_ui.h">
      <Filter>Source Files\1_how_to_init_auth_sdk\2_how_to_auth_sdk</Filter>
    </ClInclude>
    <ClInclude Include="LOGIN_sdk_login_UI.h">
      <Filter>Source Files\2_how_to_login</Filter>
    </ClInclude>
    <ClInclude Include="LOGIN_login_with_email_workflow.h">
      <Filter>Source Files\2_how_to_login\1_email_login_user</Filter>
    </ClInclude>
    <ClInclude Include="LOGIN_login_with_sso_workflow.h">
      <Filter>Source Files\2_how_to_login\2_sso_login_user</Filter>
    </ClInclude>
    <ClInclude Include="settings_ui.h">
      <Filter>Source Files\4_other_features\1_settings</Filter>
    </ClInclude>
    <ClInclude Include="SETTINGS_general_workflow.h">
      <Filter>Source Files\4_other_features\1_settings\1_settings_general</Filter>
    </ClInclude>
    <ClInclude Include="SETTINGS_audio_workflow.h">
      <Filter>Source Files\4_other_features\1_settings\2_settings_audio</Filter>
    </ClInclude>
    <ClInclude Include="SETTINGS_video_workflow.h">
      <Filter>Source Files\4_other_features\1_settings\3_settings_video</Filter>
    </ClInclude>
    <ClInclude Include="SETTINGS_recording_workflow.h">
      <Filter>Source Files\4_other_features\1_settings\4_settings_recording</Filter>
    </ClInclude>
    <ClInclude Include="SETTINGS_ui_custom_workflow.h">
      <Filter>Source Files\4_other_features\1_settings\5_settings_ui_custom</Filter>
    </ClInclude>
    <ClInclude Include="SETTINGS_feature_custom_workflow.h">
      <Filter>Source Files\4_other_features\1_settings\6_settings_feature_custom</Filter>
    </ClInclude>
    <ClInclude Include="SETTINGS_virtualBG_workflow.h">
      <Filter>Source Files\4_other_features\1_settings\7_settings_virtual_background</Filter>
    </ClInclude>
    <ClInclude Include="dial_in_country_ui.h">
      <Filter>Source Files\4_other_features\2_schedule_meeting_for_login_user</Filter>
    </ClInclude>
    <ClInclude Include="schedule_meeting_ui.h">
      <Filter>Source Files\4_other_features\2_schedule_meeting_for_login_user</Filter>
    </ClInclude>
    <ClInclude Include="schedule_meeting_workflow.h">
      <Filter>Source Files\4_other_features\2_schedule_meeting_for_login_user</Filter>
    </ClInclude>
    <ClInclude Include="mess_info.h">
      <Filter>Source Files\4_other_features\4_mess_info</Filter>
    </ClInclude>
    <ClInclude Include="Join_meeting_for_login_user_ui.h">
      <Filter>Source Files\3_how_to_start_join_meeting\1_login_user_start_join_meeting</Filter>
    </ClInclude>
    <ClInclude Include="LoggedIn_sdk_controller_ui.h">
      <Filter>Source Files\3_how_to_start_join_meeting\1_login_user_start_join_meeting</Filter>
    </ClInclude>
    <ClInclude Include="LoggedIn_sdk_controller_workflow.h">
      <Filter>Source Files\3_how_to_start_join_meeting\1_login_user_start_join_meeting</Filter>
    </ClInclude>
    <ClInclude Include="LOGIN_join_meeting_only_workflow.h">
      <Filter>Source Files\3_how_to_start_join_meeting\2_without_login_user_start_join_meeting\1_join_meeting_only</Filter>
    </ClInclude>
    <ClInclude Include="LOGIN_restapi_without_login_workflow.h">
      <Filter>Source Files\3_how_to_start_join_meeting\2_without_login_user_start_join_meeting\2_Rest_API_to_start_join_meeting</Filter>
    </ClInclude>
    <ClInclude Include="chat_controller_ui.h">
      <Filter>Source Files\3_how_to_start_join_meeting\0_in_meeting_logic\1_chat_mgr</Filter>
    </ClInclude>
    <ClInclude Include="chat_controller_workflow.h">
      <Filter>Source Files\3_how_to_start_join_meeting\0_in_meeting_logic\1_chat_mgr</Filter>
    </ClInclude>
    <ClInclude Include="arrow_window.h">
      <Filter>Source Files\3_how_to_start_join_meeting\0_in_meeting_logic\2_toobar</Filter>
    </ClInclude>
    <ClInclude Include="toolbar_bottom_ui.h">
      <Filter>Source Files\3_how_to_start_join_meeting\0_in_meeting_logic\2_toobar</Filter>
    </ClInclude>
    <ClInclude Include="toolbar_bottom_workflow.h">
      <Filter>Source Files\3_how_to_start_join_meeting\0_in_meeting_logic\2_toobar</Filter>
    </ClInclude>
    <ClInclude Include="toolbar_manager.h">
      <Filter>Source Files\3_how_to_start_join_meeting\0_in_meeting_logic\2_toobar</Filter>
    </ClInclude>
    <ClInclude Include="participant_ui.h">
      <Filter>Source Files\3_how_to_start_join_meeting\0_in_meeting_logic\3_participant_list</Filter>
    </ClInclude>
    <ClInclude Include="ParticipantPopMenu.h">
      <Filter>Source Files\3_how_to_start_join_meeting\0_in_meeting_logic\3_participant_list</Filter>
    </ClInclude>
    <ClInclude Include="user_manager.h">
      <Filter>Source Files\3_how_to_start_join_meeting\0_in_meeting_logic\0_common_classes</Filter>
    </ClInclude>
    <ClInclude Include="more_menu_ui.h">
      <Filter>Source Files\3_how_to_start_join_meeting\0_in_meeting_logic\4_more_menu</Filter>
    </ClInclude>
    <ClInclude Include="invitation_ui.h">
      <Filter>Source Files\3_how_to_start_join_meeting\0_in_meeting_logic\4_more_menu\0_invite_others</Filter>
    </ClInclude>
    <ClInclude Include="invitation_workflow.h">
      <Filter>Source Files\3_how_to_start_join_meeting\0_in_meeting_logic\4_more_menu\0_invite_others</Filter>
    </ClInclude>
    <ClInclude Include="close_caption_ui.h">
      <Filter>Source Files\3_how_to_start_join_meeting\0_in_meeting_logic\4_more_menu\1_closed_caption</Filter>
    </ClInclude>
    <ClInclude Include="close_caption_workflow.h">
      <Filter>Source Files\3_how_to_start_join_meeting\0_in_meeting_logic\4_more_menu\1_closed_caption</Filter>
    </ClInclude>
    <ClInclude Include="display_cc_ui.h">
      <Filter>Source Files\3_how_to_start_join_meeting\0_in_meeting_logic\4_more_menu\1_closed_caption</Filter>
    </ClInclude>
    <ClInclude Include="more_features_ui.h">
      <Filter>Source Files\3_how_to_start_join_meeting\0_in_meeting_logic\4_more_menu\2_more_features</Filter>
    </ClInclude>
    <ClInclude Include="more_features_workflow.h">
      <Filter>Source Files\3_how_to_start_join_meeting\0_in_meeting_logic\4_more_menu\2_more_features</Filter>
    </ClInclude>
    <ClInclude Include="util_window.h">
      <Filter>Source Files\3_how_to_start_join_meeting\0_in_meeting_logic\4_more_menu\2_more_features</Filter>
    </ClInclude>
    <ClInclude Include="CameraControlWindow.h">
      <Filter>Source Files\3_how_to_start_join_meeting\0_in_meeting_logic\5_camera_control</Filter>
    </ClInclude>
    <ClInclude Include="AnnotateBarWindow.h">
      <Filter>Source Files\3_how_to_start_join_meeting\0_in_meeting_logic\6_share_bar</Filter>
    </ClInclude>
    <ClInclude Include="AnnotateClearWindow.h">
      <Filter>Source Files\3_how_to_start_join_meeting\0_in_meeting_logic\6_share_bar</Filter>
    </ClInclude>
    <ClInclude Include="AnnotateDrawWindow.h">
      <Filter>Source Files\3_how_to_start_join_meeting\0_in_meeting_logic\6_share_bar</Filter>
    </ClInclude>
    <ClInclude Include="AnnotateFormatWindow.h">
      <Filter>Source Files\3_how_to_start_join_meeting\0_in_meeting_logic\6_share_bar</Filter>
    </ClInclude>
    <ClInclude Include="AnnotateSpolightWindow.h">
      <Filter>Source Files\3_how_to_start_join_meeting\0_in_meeting_logic\6_share_bar</Filter>
    </ClInclude>
    <ClInclude Include="AnnotateStampWindow.h">
      <Filter>Source Files\3_how_to_start_join_meeting\0_in_meeting_logic\6_share_bar</Filter>
    </ClInclude>
    <ClInclude Include="ShareToolbarWindow.h">
      <Filter>Source Files\3_how_to_start_join_meeting\0_in_meeting_logic\6_share_bar</Filter>
    </ClInclude>
    <ClInclude Include="ViewOptionsWindow.h">
      <Filter>Source Files\3_how_to_start_join_meeting\0_in_meeting_logic\6_share_bar</Filter>
    </ClInclude>
    <ClInclude Include="custom_ui_base.h">
      <Filter>Source Files\3_how_to_start_join_meeting\3_how_to_use_customized_ui\0_public_logic</Filter>
    </ClInclude>
    <ClInclude Include="custom_ui_mgr.h">
      <Filter>Source Files\3_how_to_start_join_meeting\3_how_to_use_customized_ui\1_customize_meeting</Filter>
    </ClInclude>
    <ClInclude Include="custom_ui_mgr_flow.h">
      <Filter>Source Files\3_how_to_start_join_meeting\3_how_to_use_customized_ui\1_customize_meeting</Filter>
    </ClInclude>
    <ClInclude Include="custom_ui_video_flow.h">
      <Filter>Source Files\3_how_to_start_join_meeting\3_how_to_use_customized_ui\1_customize_meeting\0_handle_custom_ui_video</Filter>
    </ClInclude>
    <ClInclude Include="custom_ui_video_mgr.h">
      <Filter>Source Files\3_how_to_start_join_meeting\3_how_to_use_customized_ui\1_customize_meeting\0_handle_custom_ui_video</Filter>
    </ClInclude>
    <ClInclude Include="custom_ui_share_flow.h">
      <Filter>Source Files\3_how_to_start_join_meeting\3_how_to_use_customized_ui\1_customize_meeting\1_handle_custom_ui_share</Filter>
    </ClInclude>
    <ClInclude Include="custom_ui_share_mgr.h">
      <Filter>Source Files\3_how_to_start_join_meeting\3_how_to_use_customized_ui\1_customize_meeting\1_handle_custom_ui_share</Filter>
    </ClInclude>
    <ClInclude Include="CustomizedUIRecordMgr.h">
      <Filter>Source Files\3_how_to_start_join_meeting\3_how_to_use_customized_ui\1_customize_meeting\2_handle_custom_ui_record</Filter>
    </ClInclude>
    <ClInclude Include="Resource.h">
      <Filter>Header Files</Filter>
    </ClInclude>
    <ClInclude Include="sdk_demo_v2.h">
      <Filter>Header Files</Filter>
    </ClInclude>
    <ClInclude Include="stdafx.h">
      <Filter>Header Files</Filter>
    </ClInclude>
    <ClInclude Include="targetver.h">
      <Filter>Header Files</Filter>
    </ClInclude>
  </ItemGroup>
  <ItemGroup>
    <ResourceCompile Include="sdk_demo_v2.rc">
      <Filter>Resource Files</Filter>
    </ResourceCompile>
  </ItemGroup>
  <ItemGroup>
    <Text Include="ReadMe.txt" />
  </ItemGroup>
</Project>