<?xml version="1.0" encoding="utf-8"?>
<Project ToolsVersion="4.0" xmlns="http://schemas.microsoft.com/developer/msbuild/2003">
  <ItemGroup>
    <ClCompile Include="zoomHmacSHA256.cpp">
      <Filter>Source Files\5_utility</Filter>
    </ClCompile>
    <ClCompile Include="HttpRequestHelper.cpp">
      <Filter>Source Files\5_utility</Filter>
    </ClCompile>
    <ClCompile Include="init_auth_sdk_workflow.cpp">
      <Filter>Source Files\1_how_to_init_auth_sdk\1_how_to_init_sdk</Filter>
    </ClCompile>
    <ClCompile Include="sdk_init_auth_ui.cpp">
      <Filter>Source Files\1_how_to_init_auth_sdk\2_how_to_auth_sdk</Filter>
    </ClCompile>
    <ClCompile Include="LOGIN_login_with_email_workflow.cpp">
      <Filter>Source Files\2_how_to_login\1_email_login_user</Filter>
    </ClCompile>
    <ClCompile Include="LOGIN_login_with_sso_workflow.cpp">
      <Filter>Source Files\2_how_to_login\2_sso_login_user</Filter>
    </ClCompile>
    <ClCompile Include="LOGIN_sdk_login_UI.cpp">
      <Filter>Source Files\2_how_to_login</Filter>
    </ClCompile>
    <ClCompile Include="user_manager.cpp">
      <Filter>Source Files\3_how_to_start_join_meeting\0_in_meeting_logic</Filter>
    </ClCompile>
    <ClCompile Include="chat_controller_ui.cpp">
      <Filter>Source Files\3_how_to_start_join_meeting\0_in_meeting_logic</Filter>
    </ClCompile>
    <ClCompile Include="chat_controller_workflow.cpp">
      <Filter>Source Files\3_how_to_start_join_meeting\0_in_meeting_logic</Filter>
    </ClCompile>
    <ClCompile Include="arrow_window.cpp">
      <Filter>Source Files\3_how_to_start_join_meeting\0_in_meeting_logic</Filter>
    </ClCompile>
    <ClCompile Include="toolbar_bottom_ui.cpp">
      <Filter>Source Files\3_how_to_start_join_meeting\0_in_meeting_logic</Filter>
    </ClCompile>
    <ClCompile Include="toolbar_bottom_workflow.cpp">
      <Filter>Source Files\3_how_to_start_join_meeting\0_in_meeting_logic</Filter>
    </ClCompile>
    <ClCompile Include="toolbar_manager.cpp">
      <Filter>Source Files\3_how_to_start_join_meeting\0_in_meeting_logic</Filter>
    </ClCompile>
    <ClCompile Include="participant_ui.cpp">
      <Filter>Source Files\3_how_to_start_join_meeting\0_in_meeting_logic</Filter>
    </ClCompile>
    <ClCompile Include="ParticipantPopMenu.cpp">
      <Filter>Source Files\3_how_to_start_join_meeting\0_in_meeting_logic</Filter>
    </ClCompile>
    <ClCompile Include="invitation_ui.cpp">
      <Filter>Source Files\3_how_to_start_join_meeting\0_in_meeting_logic</Filter>
    </ClCompile>
    <ClCompile Include="invitation_workflow.cpp">
      <Filter>Source Files\3_how_to_start_join_meeting\0_in_meeting_logic</Filter>
    </ClCompile>
    <ClCompile Include="close_caption_ui.cpp">
      <Filter>Source Files\3_how_to_start_join_meeting\0_in_meeting_logic</Filter>
    </ClCompile>
    <ClCompile Include="close_caption_workflow.cpp">
      <Filter>Source Files\3_how_to_start_join_meeting\0_in_meeting_logic</Filter>
    </ClCompile>
    <ClCompile Include="display_cc_ui.cpp">
      <Filter>Source Files\3_how_to_start_join_meeting\0_in_meeting_logic</Filter>
    </ClCompile>
    <ClCompile Include="more_features_ui.cpp">
      <Filter>Source Files\3_how_to_start_join_meeting\0_in_meeting_logic</Filter>
    </ClCompile>
    <ClCompile Include="more_features_workflow.cpp">
      <Filter>Source Files\3_how_to_start_join_meeting\0_in_meeting_logic</Filter>
    </ClCompile>
    <ClCompile Include="more_menu_ui.cpp">
      <Filter>Source Files\3_how_to_start_join_meeting\0_in_meeting_logic</Filter>
    </ClCompile>
    <ClCompile Include="util_window.cpp">
      <Filter>Source Files\3_how_to_start_join_meeting\0_in_meeting_logic</Filter>
    </ClCompile>
    <ClCompile Include="CameraControlWindow.cpp">
      <Filter>Source Files\3_how_to_start_join_meeting\0_in_meeting_logic</Filter>
    </ClCompile>
    <ClCompile Include="AnnotateBarWindow.cpp">
      <Filter>Source Files\3_how_to_start_join_meeting\0_in_meeting_logic</Filter>
    </ClCompile>
    <ClCompile Include="AnnotateDrawWindow.cpp">
      <Filter>Source Files\3_how_to_start_join_meeting\0_in_meeting_logic</Filter>
    </ClCompile>
    <ClCompile Include="AnnotateFormatWindow.cpp">
      <Filter>Source Files\3_how_to_start_join_meeting\0_in_meeting_logic</Filter>
    </ClCompile>
    <ClCompile Include="AnnotateSpolightWindow.cpp">
      <Filter>Source Files\3_how_to_start_join_meeting\0_in_meeting_logic</Filter>
    </ClCompile>
    <ClCompile Include="AnnotateStampWindow.cpp">
      <Filter>Source Files\3_how_to_start_join_meeting\0_in_meeting_logic</Filter>
    </ClCompile>
    <ClCompile Include="AnnotateClearWindow.cpp">
      <Filter>Source Files\3_how_to_start_join_meeting\0_in_meeting_logic</Filter>
    </ClCompile>
    <ClCompile Include="ShareToolbarWindow.cpp">
      <Filter>Source Files\3_how_to_start_join_meeting\0_in_meeting_logic</Filter>
    </ClCompile>
    <ClCompile Include="ViewOptionsWindow.cpp">
      <Filter>Source Files\3_how_to_start_join_meeting\0_in_meeting_logic</Filter>
    </ClCompile>
    <ClCompile Include="Join_meeting_for_login_user_ui.cpp">
      <Filter>Source Files\3_how_to_start_join_meeting\1_login_user_start_join_meeting</Filter>
    </ClCompile>
    <ClCompile Include="Join_meeting_for_login_user_workflow.cpp">
      <Filter>Source Files\3_how_to_start_join_meeting\1_login_user_start_join_meeting</Filter>
    </ClCompile>
    <ClCompile Include="LoggedIn_sdk_controller_ui.cpp">
      <Filter>Source Files\3_how_to_start_join_meeting\1_login_user_start_join_meeting</Filter>
    </ClCompile>
    <ClCompile Include="LoggedIn_sdk_controller_workflow.cpp">
      <Filter>Source Files\3_how_to_start_join_meeting\1_login_user_start_join_meeting</Filter>
    </ClCompile>
    <ClCompile Include="LOGIN_join_meeting_only_workflow.cpp">
      <Filter>Source Files\3_how_to_start_join_meeting\2_without_login_user_start_join_meeting</Filter>
    </ClCompile>
    <ClCompile Include="LOGIN_restapi_without_login_workflow.cpp">
      <Filter>Source Files\3_how_to_start_join_meeting\2_without_login_user_start_join_meeting</Filter>
    </ClCompile>
    <ClCompile Include="custom_ui_mgr.cpp">
      <Filter>Source Files\3_how_to_start_join_meeting\3_how_to_use_customized_ui\1_customize_meeting</Filter>
    </ClCompile>
    <ClCompile Include="custom_ui_mgr_flow.cpp">
      <Filter>Source Files\3_how_to_start_join_meeting\3_how_to_use_customized_ui\1_customize_meeting</Filter>
    </ClCompile>
    <ClCompile Include="custom_ui_video_flow.cpp">
      <Filter>Source Files\3_how_to_start_join_meeting\3_how_to_use_customized_ui\1_customize_meeting\0_handle_custom_ui_video</Filter>
    </ClCompile>
    <ClCompile Include="custom_ui_video_mgr.cpp">
      <Filter>Source Files\3_how_to_start_join_meeting\3_how_to_use_customized_ui\1_customize_meeting\0_handle_custom_ui_video</Filter>
    </ClCompile>
    <ClCompile Include="custom_ui_share_flow.cpp">
      <Filter>Source Files\3_how_to_start_join_meeting\3_how_to_use_customized_ui\1_customize_meeting\1_handle_custom_ui_share</Filter>
    </ClCompile>
    <ClCompile Include="custom_ui_share_mgr.cpp">
      <Filter>Source Files\3_how_to_start_join_meeting\3_how_to_use_customized_ui\1_customize_meeting\1_handle_custom_ui_share</Filter>
    </ClCompile>
    <ClCompile Include="CustomizedUIRecordMgr.cpp">
      <Filter>Source Files\3_how_to_start_join_meeting\3_how_to_use_customized_ui\1_customize_meeting\2_handle_custom_ui_record</Filter>
    </ClCompile>
    <ClCompile Include="SETTINGS_audio_workflow.cpp">
      <Filter>Source Files\4_other_features\1_settings</Filter>
    </ClCompile>
    <ClCompile Include="SETTINGS_feature_custom_workflow.cpp">
      <Filter>Source Files\4_other_features\1_settings</Filter>
    </ClCompile>
    <ClCompile Include="SETTINGS_general_workflow.cpp">
      <Filter>Source Files\4_other_features\1_settings</Filter>
    </ClCompile>
    <ClCompile Include="SETTINGS_recording_workflow.cpp">
      <Filter>Source Files\4_other_features\1_settings</Filter>
    </ClCompile>
    <ClCompile Include="settings_ui.cpp">
      <Filter>Source Files\4_other_features\1_settings</Filter>
    </ClCompile>
    <ClCompile Include="SETTINGS_ui_custom_workflow.cpp">
      <Filter>Source Files\4_other_features\1_settings</Filter>
    </ClCompile>
    <ClCompile Include="SETTINGS_video_workflow.cpp">
      <Filter>Source Files\4_other_features\1_settings</Filter>
    </ClCompile>
    <ClCompile Include="dial_in_country_ui.cpp">
      <Filter>Source Files\4_other_features\2_schedule_meeting_for_login_user</Filter>
    </ClCompile>
    <ClCompile Include="schedule_meeting_ui.cpp">
      <Filter>Source Files\4_other_features\2_schedule_meeting_for_login_user</Filter>
    </ClCompile>
    <ClCompile Include="schedule_meeting_workflow.cpp">
      <Filter>Source Files\4_other_features\2_schedule_meeting_for_login_user</Filter>
    </ClCompile>
    <ClCompile Include="mess_info.cpp">
      <Filter>Source Files\4_other_features</Filter>
    </ClCompile>
    <ClCompile Include="setting_api_test.cpp">
      <Filter>Source Files\5_utility</Filter>
    </ClCompile>
    <ClCompile Include="sdk_demo_app.cpp">
      <Filter>Source Files</Filter>
    </ClCompile>
    <ClCompile Include="sdk_demo_v2.cpp">
      <Filter>Source Files</Filter>
    </ClCompile>
    <ClCompile Include="sdk_util.cpp">
      <Filter>Source Files</Filter>
    </ClCompile>
    <ClCompile Include="stdafx.cpp">
      <Filter>Source Files</Filter>
    </ClCompile>
  </ItemGroup>
  <ItemGroup>
    <ClInclude Include="sdk_demo_v2.h">
      <Filter>Header Files</Filter>
    </ClInclude>
    <ClInclude Include="Resource.h">
      <Filter>Header Files</Filter>
    </ClInclude>
    <ClInclude Include="stdafx.h">
      <Filter>Header Files</Filter>
    </ClInclude>
    <ClInclude Include="targetver.h">
      <Filter>Header Files</Filter>
    </ClInclude>
    <ClInclude Include="zoomHmacSHA256.h">
      <Filter>Source Files\5_utility</Filter>
    </ClInclude>
    <ClInclude Include="HttpRequestHelper.h">
      <Filter>Source Files\5_utility</Filter>
    </ClInclude>
    <ClInclude Include="init_auth_sdk_workflow.h">
      <Filter>Source Files\1_how_to_init_auth_sdk\1_how_to_init_sdk</Filter>
    </ClInclude>
    <ClInclude Include="sdk_init_auth_ui.h">
      <Filter>Source Files\1_how_to_init_auth_sdk\2_how_to_auth_sdk</Filter>
    </ClInclude>
    <ClInclude Include="LOGIN_login_with_email_workflow.h">
      <Filter>Source Files\2_how_to_login\1_email_login_user</Filter>
    </ClInclude>
    <ClInclude Include="LOGIN_login_with_sso_workflow.h">
      <Filter>Source Files\2_how_to_login\2_sso_login_user</Filter>
    </ClInclude>
    <ClInclude Include="LOGIN_sdk_login_UI.h">
      <Filter>Source Files\2_how_to_login</Filter>
    </ClInclude>
    <ClInclude Include="user_manager.h">
      <Filter>Source Files\3_how_to_start_join_meeting\0_in_meeting_logic</Filter>
    </ClInclude>
    <ClInclude Include="chat_controller_ui.h">
      <Filter>Source Files\3_how_to_start_join_meeting\0_in_meeting_logic</Filter>
    </ClInclude>
    <ClInclude Include="chat_controller_workflow.h">
      <Filter>Source Files\3_how_to_start_join_meeting\0_in_meeting_logic</Filter>
    </ClInclude>
    <ClInclude Include="arrow_window.h">
      <Filter>Source Files\3_how_to_start_join_meeting\0_in_meeting_logic</Filter>
    </ClInclude>
    <ClInclude Include="toolbar_bottom_ui.h">
      <Filter>Source Files\3_how_to_start_join_meeting\0_in_meeting_logic</Filter>
    </ClInclude>
    <ClInclude Include="toolbar_bottom_workflow.h">
      <Filter>Source Files\3_how_to_start_join_meeting\0_in_meeting_logic</Filter>
    </ClInclude>
    <ClInclude Include="toolbar_manager.h">
      <Filter>Source Files\3_how_to_start_join_meeting\0_in_meeting_logic</Filter>
    </ClInclude>
    <ClInclude Include="participant_ui.h">
      <Filter>Source Files\3_how_to_start_join_meeting\0_in_meeting_logic</Filter>
    </ClInclude>
    <ClInclude Include="ParticipantPopMenu.h">
      <Filter>Source Files\3_how_to_start_join_meeting\0_in_meeting_logic</Filter>
    </ClInclude>
    <ClInclude Include="invitation_ui.h">
      <Filter>Source Files\3_how_to_start_join_meeting\0_in_meeting_logic</Filter>
    </ClInclude>
    <ClInclude Include="invitation_workflow.h">
      <Filter>Source Files\3_how_to_start_join_meeting\0_in_meeting_logic</Filter>
    </ClInclude>
    <ClInclude Include="close_caption_ui.h">
      <Filter>Source Files\3_how_to_start_join_meeting\0_in_meeting_logic</Filter>
    </ClInclude>
    <ClInclude Include="close_caption_workflow.h">
      <Filter>Source Files\3_how_to_start_join_meeting\0_in_meeting_logic</Filter>
    </ClInclude>
    <ClInclude Include="display_cc_ui.h">
      <Filter>Source Files\3_how_to_start_join_meeting\0_in_meeting_logic</Filter>
    </ClInclude>
    <ClInclude Include="more_features_ui.h">
      <Filter>Source Files\3_how_to_start_join_meeting\0_in_meeting_logic</Filter>
    </ClInclude>
    <ClInclude Include="more_features_workflow.h">
      <Filter>Source Files\3_how_to_start_join_meeting\0_in_meeting_logic</Filter>
    </ClInclude>
    <ClInclude Include="more_menu_ui.h">
      <Filter>Source Files\3_how_to_start_join_meeting\0_in_meeting_logic</Filter>
    </ClInclude>
    <ClInclude Include="util_window.h">
      <Filter>Source Files\3_how_to_start_join_meeting\0_in_meeting_logic</Filter>
    </ClInclude>
    <ClInclude Include="CameraControlWindow.h">
      <Filter>Source Files\3_how_to_start_join_meeting\0_in_meeting_logic</Filter>
    </ClInclude>
    <ClInclude Include="AnnotateBarWindow.h">
      <Filter>Source Files\3_how_to_start_join_meeting\0_in_meeting_logic</Filter>
    </ClInclude>
    <ClInclude Include="AnnotateClearWindow.h">
      <Filter>Source Files\3_how_to_start_join_meeting\0_in_meeting_logic</Filter>
    </ClInclude>
    <ClInclude Include="AnnotateDrawWindow.h">
      <Filter>Source Files\3_how_to_start_join_meeting\0_in_meeting_logic</Filter>
    </ClInclude>
    <ClInclude Include="AnnotateFormatWindow.h">
      <Filter>Source Files\3_how_to_start_join_meeting\0_in_meeting_logic</Filter>
    </ClInclude>
    <ClInclude Include="AnnotateSpolightWindow.h">
      <Filter>Source Files\3_how_to_start_join_meeting\0_in_meeting_logic</Filter>
    </ClInclude>
    <ClInclude Include="AnnotateStampWindow.h">
      <Filter>Source Files\3_how_to_start_join_meeting\0_in_meeting_logic</Filter>
    </ClInclude>
    <ClInclude Include="ShareToolbarWindow.h">
      <Filter>Source Files\3_how_to_start_join_meeting\0_in_meeting_logic</Filter>
    </ClInclude>
    <ClInclude Include="ViewOptionsWindow.h">
      <Filter>Source Files\3_how_to_start_join_meeting\0_in_meeting_logic</Filter>
    </ClInclude>
    <ClInclude Include="Join_meeting_for_login_user_ui.h">
      <Filter>Source Files\3_how_to_start_join_meeting\1_login_user_start_join_meeting</Filter>
    </ClInclude>
    <ClInclude Include="Join_meeting_for_login_user_workflow.h">
      <Filter>Source Files\3_how_to_start_join_meeting\1_login_user_start_join_meeting</Filter>
    </ClInclude>
    <ClInclude Include="LoggedIn_sdk_controller_ui.h">
      <Filter>Source Files\3_how_to_start_join_meeting\1_login_user_start_join_meeting</Filter>
    </ClInclude>
    <ClInclude Include="LoggedIn_sdk_controller_workflow.h">
      <Filter>Source Files\3_how_to_start_join_meeting\1_login_user_start_join_meeting</Filter>
    </ClInclude>
    <ClInclude Include="LOGIN_join_meeting_only_workflow.h">
      <Filter>Source Files\3_how_to_start_join_meeting\2_without_login_user_start_join_meeting</Filter>
    </ClInclude>
    <ClInclude Include="LOGIN_restapi_without_login_workflow.h">
      <Filter>Source Files\3_how_to_start_join_meeting\2_without_login_user_start_join_meeting</Filter>
    </ClInclude>
    <ClInclude Include="custom_ui_base.h">
      <Filter>Source Files\3_how_to_start_join_meeting\3_how_to_use_customized_ui\0_public_logic</Filter>
    </ClInclude>
    <ClInclude Include="custom_ui_mgr.h">
      <Filter>Source Files\3_how_to_start_join_meeting\3_how_to_use_customized_ui\1_customize_meeting</Filter>
    </ClInclude>
    <ClInclude Include="custom_ui_mgr_flow.h">
      <Filter>Source Files\3_how_to_start_join_meeting\3_how_to_use_customized_ui\1_customize_meeting</Filter>
    </ClInclude>
    <ClInclude Include="custom_ui_video_flow.h">
      <Filter>Source Files\3_how_to_start_join_meeting\3_how_to_use_customized_ui\1_customize_meeting\0_handle_custom_ui_video</Filter>
    </ClInclude>
    <ClInclude Include="custom_ui_video_mgr.h">
      <Filter>Source Files\3_how_to_start_join_meeting\3_how_to_use_customized_ui\1_customize_meeting\0_handle_custom_ui_video</Filter>
    </ClInclude>
    <ClInclude Include="custom_ui_share_flow.h">
      <Filter>Source Files\3_how_to_start_join_meeting\3_how_to_use_customized_ui\1_customize_meeting\1_handle_custom_ui_share</Filter>
    </ClInclude>
    <ClInclude Include="custom_ui_share_mgr.h">
      <Filter>Source Files\3_how_to_start_join_meeting\3_how_to_use_customized_ui\1_customize_meeting\1_handle_custom_ui_share</Filter>
    </ClInclude>
    <ClInclude Include="CustomizedUIRecordMgr.h">
      <Filter>Source Files\3_how_to_start_join_meeting\3_how_to_use_customized_ui\1_customize_meeting\2_handle_custom_ui_record</Filter>
    </ClInclude>
    <ClInclude Include="SETTINGS_audio_workflow.h">
      <Filter>Source Files\4_other_features\1_settings</Filter>
    </ClInclude>
    <ClInclude Include="SETTINGS_feature_custom_workflow.h">
      <Filter>Source Files\4_other_features\1_settings</Filter>
    </ClInclude>
    <ClInclude Include="SETTINGS_general_workflow.h">
      <Filter>Source Files\4_other_features\1_settings</Filter>
    </ClInclude>
    <ClInclude Include="SETTINGS_recording_workflow.h">
      <Filter>Source Files\4_other_features\1_settings</Filter>
    </ClInclude>
    <ClInclude Include="settings_ui.h">
      <Filter>Source Files\4_other_features\1_settings</Filter>
    </ClInclude>
    <ClInclude Include="SETTINGS_ui_custom_workflow.h">
      <Filter>Source Files\4_other_features\1_settings</Filter>
    </ClInclude>
    <ClInclude Include="SETTINGS_video_workflow.h">
      <Filter>Source Files\4_other_features\1_settings</Filter>
    </ClInclude>
    <ClInclude Include="dial_in_country_ui.h">
      <Filter>Source Files\4_other_features\2_schedule_meeting_for_login_user</Filter>
    </ClInclude>
    <ClInclude Include="schedule_meeting_ui.h">
      <Filter>Source Files\4_other_features\2_schedule_meeting_for_login_user</Filter>
    </ClInclude>
    <ClInclude Include="schedule_meeting_workflow.h">
      <Filter>Source Files\4_other_features\2_schedule_meeting_for_login_user</Filter>
    </ClInclude>
    <ClInclude Include="mess_info.h">
      <Filter>Source Files\4_other_features</Filter>
    </ClInclude>
    <ClInclude Include="setting_api_test.h">
      <Filter>Source Files\5_utility</Filter>
    </ClInclude>
    <ClInclude Include="sdk_demo_app.h">
      <Filter>Source Files</Filter>
    </ClInclude>
    <ClInclude Include="sdk_demo_app_common.h">
      <Filter>Source Files</Filter>
    </ClInclude>
    <ClInclude Include="sdk_util.h">
      <Filter>Source Files</Filter>
    </ClInclude>
  </ItemGroup>
  <ItemGroup>
    <Text Include="ReadMe.txt" />
  </ItemGroup>
  <ItemGroup>
    <Filter Include="Header Files">
      <UniqueIdentifier>{d0f1b8cd-2d1b-4970-8c5a-45ae0a00dcd7}</UniqueIdentifier>
    </Filter>
    <Filter Include="Resource Files">
      <UniqueIdentifier>{85787637-5de2-4b1c-86ad-c0871c05e58f}</UniqueIdentifier>
    </Filter>
    <Filter Include="Source Files">
      <UniqueIdentifier>{a7660327-03b8-45c1-b61a-d05fa039ab37}</UniqueIdentifier>
    </Filter>
    <Filter Include="Source Files\1_how_to_init_auth_sdk">
      <UniqueIdentifier>{f249c6dd-3716-46cd-9799-efcfd1b60e60}</UniqueIdentifier>
    </Filter>
    <Filter Include="Source Files\2_how_to_login">
      <UniqueIdentifier>{08eb31d3-5786-46a9-a38f-7dc890e788c0}</UniqueIdentifier>
    </Filter>
    <Filter Include="Source Files\3_how_to_start_join_meeting">
      <UniqueIdentifier>{a09e6218-c5f4-4fdd-b353-688c85b04983}</UniqueIdentifier>
    </Filter>
    <Filter Include="Source Files\4_other_features">
      <UniqueIdentifier>{450360dc-1e5e-4e3b-a5c9-95144e50cb91}</UniqueIdentifier>
    </Filter>
    <Filter Include="Source Files\5_utility">
      <UniqueIdentifier>{2c27e8ee-3bba-49e6-9df9-9a833ab57bec}</UniqueIdentifier>
    </Filter>
    <Filter Include="Source Files\1_how_to_init_auth_sdk\1_how_to_init_sdk">
      <UniqueIdentifier>{ddade337-ba8d-4ac6-9516-88963572c637}</UniqueIdentifier>
    </Filter>
    <Filter Include="Source Files\1_how_to_init_auth_sdk\2_how_to_auth_sdk">
      <UniqueIdentifier>{c6befae8-8d1f-4320-9b85-a1f5263e4720}</UniqueIdentifier>
    </Filter>
    <Filter Include="Source Files\2_how_to_login\1_email_login_user">
      <UniqueIdentifier>{1c81359c-c965-4c07-8719-a8904757d02c}</UniqueIdentifier>
    </Filter>
    <Filter Include="Source Files\2_how_to_login\2_sso_login_user">
      <UniqueIdentifier>{bc9c98ba-b687-4a46-894a-c1366ac9d059}</UniqueIdentifier>
    </Filter>
    <Filter Include="Source Files\3_how_to_start_join_meeting\0_in_meeting_logic">
      <UniqueIdentifier>{aab91722-b30f-4d98-b4e5-afefd0b99ce6}</UniqueIdentifier>
    </Filter>
    <Filter Include="Source Files\3_how_to_start_join_meeting\1_login_user_start_join_meeting">
      <UniqueIdentifier>{40422215-3186-4c19-b949-1bc3d96df7fa}</UniqueIdentifier>
    </Filter>
    <Filter Include="Source Files\3_how_to_start_join_meeting\2_without_login_user_start_join_meeting">
      <UniqueIdentifier>{d9fc7fbb-2235-4593-a910-c7ba416025b7}</UniqueIdentifier>
    </Filter>
    <Filter Include="Source Files\3_how_to_start_join_meeting\3_how_to_use_customized_ui">
      <UniqueIdentifier>{9d1f52fb-a926-4d7b-9ac0-13f49022220f}</UniqueIdentifier>
    </Filter>
    <Filter Include="Source Files\3_how_to_start_join_meeting\3_how_to_use_customized_ui\0_public_logic">
      <UniqueIdentifier>{e7a1510d-c6ec-4851-811f-3af6090bc243}</UniqueIdentifier>
    </Filter>
    <Filter Include="Source Files\3_how_to_start_join_meeting\3_how_to_use_customized_ui\1_customize_meeting">
      <UniqueIdentifier>{ebe8a2a2-d106-42fb-a633-b0e3172f8aa2}</UniqueIdentifier>
    </Filter>
    <Filter Include="Source Files\3_how_to_start_join_meeting\3_how_to_use_customized_ui\1_customize_meeting\0_handle_custom_ui_video">
      <UniqueIdentifier>{047a8265-2f7d-49db-94f3-72b3cc0ab1b6}</UniqueIdentifier>
    </Filter>
    <Filter Include="Source Files\3_how_to_start_join_meeting\3_how_to_use_customized_ui\1_customize_meeting\1_handle_custom_ui_share">
      <UniqueIdentifier>{c4db8f5a-97cb-4c40-ab1b-ea3f550e760f}</UniqueIdentifier>
    </Filter>
    <Filter Include="Source Files\3_how_to_start_join_meeting\3_how_to_use_customized_ui\1_customize_meeting\2_handle_custom_ui_record">
      <UniqueIdentifier>{bb59a567-9ec4-4ff8-b91a-412096b0549b}</UniqueIdentifier>
    </Filter>
    <Filter Include="Source Files\4_other_features\1_settings">
      <UniqueIdentifier>{1f66ad10-6eac-4726-8974-dbeb82353158}</UniqueIdentifier>
    </Filter>
    <Filter Include="Source Files\4_other_features\2_schedule_meeting_for_login_user">
      <UniqueIdentifier>{1a4d5ec2-b8be-42b5-985d-bdf0588268bf}</UniqueIdentifier>
    </Filter>
  </ItemGroup>
  <ItemGroup>
    <ResourceCompile Include="sdk_demo_v2.rc">
      <Filter>Resource Files</Filter>
    </ResourceCompile>
  </ItemGroup>
</Project>